// !$*UTF8*$!
{
	archiveVersion = 1;
	classes = {
	};
	objectVersion = 48;
	objects = {

/* Begin PBXBuildFile section */
		F70A28331C613E7D008CA530 /* DataSourceTests.swift in Sources */ = {isa = PBXBuildFile; fileRef = F75A3B5D1C18DBEC004A7E39 /* DataSourceTests.swift */; };
		F71B3FC61C038AD20012CD3D /* AppDelegate.swift in Sources */ = {isa = PBXBuildFile; fileRef = F71B3FC51C038AD20012CD3D /* AppDelegate.swift */; };
		F71B3FCB1C038AD20012CD3D /* Main.storyboard in Resources */ = {isa = PBXBuildFile; fileRef = F71B3FC91C038AD20012CD3D /* Main.storyboard */; };
		F71B3FD01C038AD20012CD3D /* LaunchScreen.storyboard in Resources */ = {isa = PBXBuildFile; fileRef = F71B3FCE1C038AD20012CD3D /* LaunchScreen.storyboard */; };
		F72610851C5C1AA600955665 /* Settings.bundle in Resources */ = {isa = PBXBuildFile; fileRef = F72610841C5C1AA600955665 /* Settings.bundle */; };
		F75A3B5A1C18A8F6004A7E39 /* test.html in Resources */ = {isa = PBXBuildFile; fileRef = F75A3B591C18A8F6004A7E39 /* test.html */; };
		F7754D221C0A69EF0080D572 /* SegueHandlerType.swift in Sources */ = {isa = PBXBuildFile; fileRef = F7754D211C0A69EF0080D572 /* SegueHandlerType.swift */; };
		F7754D661C0AB8E00080D572 /* EditViewController.swift in Sources */ = {isa = PBXBuildFile; fileRef = F7754D651C0AB8E00080D572 /* EditViewController.swift */; };
		F776E6B01C0CEC4000A4D6FE /* Pass.swift in Sources */ = {isa = PBXBuildFile; fileRef = F776E6AE1C0CEC4000A4D6FE /* Pass.swift */; };
		F776E6B21C0CEDDC00A4D6FE /* PassDataSource.swift in Sources */ = {isa = PBXBuildFile; fileRef = F776E6B11C0CEDDC00A4D6FE /* PassDataSource.swift */; };
		F776E6B81C0D56DC00A4D6FE /* HideDetailAnimator.swift in Sources */ = {isa = PBXBuildFile; fileRef = F776E6B61C0D56DC00A4D6FE /* HideDetailAnimator.swift */; };
		F776E6B91C0D56DC00A4D6FE /* ShowDetailAnimator.swift in Sources */ = {isa = PBXBuildFile; fileRef = F776E6B71C0D56DC00A4D6FE /* ShowDetailAnimator.swift */; };
		F776E6BC1C0D587C00A4D6FE /* Future.swift in Sources */ = {isa = PBXBuildFile; fileRef = F776E6BA1C0D587C00A4D6FE /* Future.swift */; };
		F776E6BD1C0D587C00A4D6FE /* Result.swift in Sources */ = {isa = PBXBuildFile; fileRef = F776E6BB1C0D587C00A4D6FE /* Result.swift */; };
		F776E6BF1C0D588D00A4D6FE /* NetworkController.swift in Sources */ = {isa = PBXBuildFile; fileRef = F776E6BE1C0D588D00A4D6FE /* NetworkController.swift */; };
		F776E6C11C0D58A700A4D6FE /* PassSignaler.swift in Sources */ = {isa = PBXBuildFile; fileRef = F776E6C01C0D58A700A4D6FE /* PassSignaler.swift */; };
		F776E6C31C0D58FB00A4D6FE /* Parser.swift in Sources */ = {isa = PBXBuildFile; fileRef = F776E6C21C0D58FB00A4D6FE /* Parser.swift */; };
		F776E6CC1C0D59CA00A4D6FE /* HTML.swift in Sources */ = {isa = PBXBuildFile; fileRef = F776E6CB1C0D59CA00A4D6FE /* HTML.swift */; };
		F77B23CD1C0E3E81006EFBA4 /* PassEditCell.swift in Sources */ = {isa = PBXBuildFile; fileRef = F77B23CB1C0E3E81006EFBA4 /* PassEditCell.swift */; };
		F77B23CE1C0E3E81006EFBA4 /* PassEditCell.xib in Resources */ = {isa = PBXBuildFile; fileRef = F77B23CC1C0E3E81006EFBA4 /* PassEditCell.xib */; };
		F78487561C162B78004667BD /* PassInfoType.swift in Sources */ = {isa = PBXBuildFile; fileRef = F78487551C162B78004667BD /* PassInfoType.swift */; };
		F79007A51C164F63008C2092 /* PassDetailCell.swift in Sources */ = {isa = PBXBuildFile; fileRef = F79007A31C164F63008C2092 /* PassDetailCell.swift */; };
		F79007A61C164F63008C2092 /* PassDetailCell.xib in Resources */ = {isa = PBXBuildFile; fileRef = F79007A41C164F63008C2092 /* PassDetailCell.xib */; };
		F794A68F1C172F96008AD135 /* AppStyle.swift in Sources */ = {isa = PBXBuildFile; fileRef = F794A68E1C172F96008AD135 /* AppStyle.swift */; };
		F794A6931C174785008AD135 /* Assets.xcassets in Resources */ = {isa = PBXBuildFile; fileRef = F794A6921C174785008AD135 /* Assets.xcassets */; };
		F7A53F7F1C0A19BA007716F4 /* DetailViewLayout.swift in Sources */ = {isa = PBXBuildFile; fileRef = F7A53F7E1C0A19BA007716F4 /* DetailViewLayout.swift */; };
		F7AD52861C17C26F00310402 /* HTMLParserTests.swift in Sources */ = {isa = PBXBuildFile; fileRef = F7AD52851C17C26F00310402 /* HTMLParserTests.swift */; };
		F7AFAE521C24E86800D543C6 /* CascadePass.swift in Sources */ = {isa = PBXBuildFile; fileRef = F7AFAE511C24E86800D543C6 /* CascadePass.swift */; };
		F7B36B621C188A9E00474D0E /* RefreshController.swift in Sources */ = {isa = PBXBuildFile; fileRef = F7B36B611C188A9E00474D0E /* RefreshController.swift */; };
		F7B36B641C1895A600474D0E /* Pass+Helpers.swift in Sources */ = {isa = PBXBuildFile; fileRef = F7B36B631C1895A600474D0E /* Pass+Helpers.swift */; };
		F7B36B671C18973800474D0E /* BadResponseURLProtocol.swift in Sources */ = {isa = PBXBuildFile; fileRef = F7B36B651C18973800474D0E /* BadResponseURLProtocol.swift */; };
		F7B36B681C18973800474D0E /* BadStatusURLProtocol.swift in Sources */ = {isa = PBXBuildFile; fileRef = F7B36B661C18973800474D0E /* BadStatusURLProtocol.swift */; };
		F7B36B6D1C18975200474D0E /* FailingURLProtocol.swift in Sources */ = {isa = PBXBuildFile; fileRef = F7B36B691C18975200474D0E /* FailingURLProtocol.swift */; };
		F7B36B6E1C18975200474D0E /* LocalURLProtocol.swift in Sources */ = {isa = PBXBuildFile; fileRef = F7B36B6A1C18975200474D0E /* LocalURLProtocol.swift */; };
		F7B36B6F1C18975200474D0E /* NetworkControllerTests.swift in Sources */ = {isa = PBXBuildFile; fileRef = F7B36B6B1C18975200474D0E /* NetworkControllerTests.swift */; };
		F7B36B701C18975200474D0E /* NSURLSessionConfiguration+Protocols.swift in Sources */ = {isa = PBXBuildFile; fileRef = F7B36B6C1C18975200474D0E /* NSURLSessionConfiguration+Protocols.swift */; };
		F7B36B7B1C18A1B100474D0E /* PassTests.swift in Sources */ = {isa = PBXBuildFile; fileRef = F7B36B7A1C18A1B100474D0E /* PassTests.swift */; };
		F7C417701C0625F0009C5DA0 /* PassListCell.swift in Sources */ = {isa = PBXBuildFile; fileRef = F7C4176E1C0625F0009C5DA0 /* PassListCell.swift */; };
		F7C417711C0625F0009C5DA0 /* PassListCell.xib in Resources */ = {isa = PBXBuildFile; fileRef = F7C4176F1C0625F0009C5DA0 /* PassListCell.xib */; };
		F7C417731C063E95009C5DA0 /* ListViewLayout.swift in Sources */ = {isa = PBXBuildFile; fileRef = F7C417721C063E95009C5DA0 /* ListViewLayout.swift */; };
		F7C417751C065BE7009C5DA0 /* DetailViewController.swift in Sources */ = {isa = PBXBuildFile; fileRef = F7C417741C065BE7009C5DA0 /* DetailViewController.swift */; };
		F7C85DB41C16049200123C39 /* Reachable.swift in Sources */ = {isa = PBXBuildFile; fileRef = F7C85DB31C16049200123C39 /* Reachable.swift */; };
		F7E4F1021C051C3D00071A37 /* PassViewController.swift in Sources */ = {isa = PBXBuildFile; fileRef = F7E4F1011C051C3D00071A37 /* PassViewController.swift */; };
/* End PBXBuildFile section */

/* Begin PBXContainerItemProxy section */
		F71B3FD71C038AD20012CD3D /* PBXContainerItemProxy */ = {
			isa = PBXContainerItemProxy;
			containerPortal = F71B3FBA1C038AD20012CD3D /* Project object */;
			proxyType = 1;
			remoteGlobalIDString = F71B3FC11C038AD20012CD3D;
			remoteInfo = Passengr;
		};
/* End PBXContainerItemProxy section */

/* Begin PBXFileReference section */
		F71B3FC21C038AD20012CD3D /* Passengr.app */ = {isa = PBXFileReference; explicitFileType = wrapper.application; includeInIndex = 0; path = Passengr.app; sourceTree = BUILT_PRODUCTS_DIR; };
		F71B3FC51C038AD20012CD3D /* AppDelegate.swift */ = {isa = PBXFileReference; lastKnownFileType = sourcecode.swift; path = AppDelegate.swift; sourceTree = "<group>"; };
		F71B3FCA1C038AD20012CD3D /* Base */ = {isa = PBXFileReference; lastKnownFileType = file.storyboard; name = Base; path = Base.lproj/Main.storyboard; sourceTree = "<group>"; };
		F71B3FCF1C038AD20012CD3D /* Base */ = {isa = PBXFileReference; lastKnownFileType = file.storyboard; name = Base; path = Base.lproj/LaunchScreen.storyboard; sourceTree = "<group>"; };
		F71B3FD11C038AD20012CD3D /* Info.plist */ = {isa = PBXFileReference; lastKnownFileType = text.plist.xml; path = Info.plist; sourceTree = "<group>"; };
		F71B3FD61C038AD20012CD3D /* PassengrTests.xctest */ = {isa = PBXFileReference; explicitFileType = wrapper.cfbundle; includeInIndex = 0; path = PassengrTests.xctest; sourceTree = BUILT_PRODUCTS_DIR; };
		F71B3FDC1C038AD20012CD3D /* Info.plist */ = {isa = PBXFileReference; lastKnownFileType = text.plist.xml; path = Info.plist; sourceTree = "<group>"; };
		F72610841C5C1AA600955665 /* Settings.bundle */ = {isa = PBXFileReference; lastKnownFileType = "wrapper.plug-in"; path = Settings.bundle; sourceTree = "<group>"; };
		F75A3B591C18A8F6004A7E39 /* test.html */ = {isa = PBXFileReference; fileEncoding = 4; lastKnownFileType = text.html; path = test.html; sourceTree = "<group>"; };
		F75A3B5D1C18DBEC004A7E39 /* DataSourceTests.swift */ = {isa = PBXFileReference; fileEncoding = 4; lastKnownFileType = sourcecode.swift; path = DataSourceTests.swift; sourceTree = "<group>"; };
		F7754D211C0A69EF0080D572 /* SegueHandlerType.swift */ = {isa = PBXFileReference; fileEncoding = 4; lastKnownFileType = sourcecode.swift; path = SegueHandlerType.swift; sourceTree = "<group>"; };
		F7754D651C0AB8E00080D572 /* EditViewController.swift */ = {isa = PBXFileReference; fileEncoding = 4; lastKnownFileType = sourcecode.swift; path = EditViewController.swift; sourceTree = "<group>"; };
		F776E6AE1C0CEC4000A4D6FE /* Pass.swift */ = {isa = PBXFileReference; fileEncoding = 4; lastKnownFileType = sourcecode.swift; path = Pass.swift; sourceTree = "<group>"; };
		F776E6B11C0CEDDC00A4D6FE /* PassDataSource.swift */ = {isa = PBXFileReference; fileEncoding = 4; lastKnownFileType = sourcecode.swift; path = PassDataSource.swift; sourceTree = "<group>"; };
		F776E6B61C0D56DC00A4D6FE /* HideDetailAnimator.swift */ = {isa = PBXFileReference; fileEncoding = 4; lastKnownFileType = sourcecode.swift; path = HideDetailAnimator.swift; sourceTree = "<group>"; };
		F776E6B71C0D56DC00A4D6FE /* ShowDetailAnimator.swift */ = {isa = PBXFileReference; fileEncoding = 4; lastKnownFileType = sourcecode.swift; path = ShowDetailAnimator.swift; sourceTree = "<group>"; };
		F776E6BA1C0D587C00A4D6FE /* Future.swift */ = {isa = PBXFileReference; fileEncoding = 4; lastKnownFileType = sourcecode.swift; path = Future.swift; sourceTree = "<group>"; };
		F776E6BB1C0D587C00A4D6FE /* Result.swift */ = {isa = PBXFileReference; fileEncoding = 4; lastKnownFileType = sourcecode.swift; path = Result.swift; sourceTree = "<group>"; };
		F776E6BE1C0D588D00A4D6FE /* NetworkController.swift */ = {isa = PBXFileReference; fileEncoding = 4; lastKnownFileType = sourcecode.swift; path = NetworkController.swift; sourceTree = "<group>"; };
		F776E6C01C0D58A700A4D6FE /* PassSignaler.swift */ = {isa = PBXFileReference; fileEncoding = 4; lastKnownFileType = sourcecode.swift; path = PassSignaler.swift; sourceTree = "<group>"; };
		F776E6C21C0D58FB00A4D6FE /* Parser.swift */ = {isa = PBXFileReference; fileEncoding = 4; lastKnownFileType = sourcecode.swift; name = Parser.swift; path = Passengr/Parser.swift; sourceTree = "<group>"; };
		F776E6CB1C0D59CA00A4D6FE /* HTML.swift */ = {isa = PBXFileReference; fileEncoding = 4; lastKnownFileType = sourcecode.swift; name = HTML.swift; path = Passengr/HTML.swift; sourceTree = "<group>"; };
		F776E6CE1C0D5A6800A4D6FE /* Passengr-Bridging-Header.h */ = {isa = PBXFileReference; fileEncoding = 4; lastKnownFileType = sourcecode.c.h; path = "Passengr-Bridging-Header.h"; sourceTree = "<group>"; };
		F77B23CB1C0E3E81006EFBA4 /* PassEditCell.swift */ = {isa = PBXFileReference; fileEncoding = 4; lastKnownFileType = sourcecode.swift; path = PassEditCell.swift; sourceTree = "<group>"; };
		F77B23CC1C0E3E81006EFBA4 /* PassEditCell.xib */ = {isa = PBXFileReference; fileEncoding = 4; lastKnownFileType = file.xib; path = PassEditCell.xib; sourceTree = "<group>"; };
		F78487551C162B78004667BD /* PassInfoType.swift */ = {isa = PBXFileReference; fileEncoding = 4; lastKnownFileType = sourcecode.swift; path = PassInfoType.swift; sourceTree = "<group>"; };
		F79007A31C164F63008C2092 /* PassDetailCell.swift */ = {isa = PBXFileReference; fileEncoding = 4; lastKnownFileType = sourcecode.swift; path = PassDetailCell.swift; sourceTree = "<group>"; };
		F79007A41C164F63008C2092 /* PassDetailCell.xib */ = {isa = PBXFileReference; fileEncoding = 4; lastKnownFileType = file.xib; path = PassDetailCell.xib; sourceTree = "<group>"; };
		F794A68E1C172F96008AD135 /* AppStyle.swift */ = {isa = PBXFileReference; fileEncoding = 4; lastKnownFileType = sourcecode.swift; path = AppStyle.swift; sourceTree = "<group>"; };
		F794A6921C174785008AD135 /* Assets.xcassets */ = {isa = PBXFileReference; lastKnownFileType = folder.assetcatalog; path = Assets.xcassets; sourceTree = "<group>"; };
		F7A53F7E1C0A19BA007716F4 /* DetailViewLayout.swift */ = {isa = PBXFileReference; fileEncoding = 4; lastKnownFileType = sourcecode.swift; path = DetailViewLayout.swift; sourceTree = "<group>"; };
		F7AD52851C17C26F00310402 /* HTMLParserTests.swift */ = {isa = PBXFileReference; fileEncoding = 4; lastKnownFileType = sourcecode.swift; path = HTMLParserTests.swift; sourceTree = "<group>"; };
		F7AFAE511C24E86800D543C6 /* CascadePass.swift */ = {isa = PBXFileReference; fileEncoding = 4; lastKnownFileType = sourcecode.swift; path = CascadePass.swift; sourceTree = "<group>"; };
		F7B36B611C188A9E00474D0E /* RefreshController.swift */ = {isa = PBXFileReference; fileEncoding = 4; lastKnownFileType = sourcecode.swift; path = RefreshController.swift; sourceTree = "<group>"; };
		F7B36B631C1895A600474D0E /* Pass+Helpers.swift */ = {isa = PBXFileReference; fileEncoding = 4; lastKnownFileType = sourcecode.swift; path = "Pass+Helpers.swift"; sourceTree = "<group>"; };
		F7B36B651C18973800474D0E /* BadResponseURLProtocol.swift */ = {isa = PBXFileReference; fileEncoding = 4; lastKnownFileType = sourcecode.swift; path = BadResponseURLProtocol.swift; sourceTree = "<group>"; };
		F7B36B661C18973800474D0E /* BadStatusURLProtocol.swift */ = {isa = PBXFileReference; fileEncoding = 4; lastKnownFileType = sourcecode.swift; path = BadStatusURLProtocol.swift; sourceTree = "<group>"; };
		F7B36B691C18975200474D0E /* FailingURLProtocol.swift */ = {isa = PBXFileReference; fileEncoding = 4; lastKnownFileType = sourcecode.swift; path = FailingURLProtocol.swift; sourceTree = "<group>"; };
		F7B36B6A1C18975200474D0E /* LocalURLProtocol.swift */ = {isa = PBXFileReference; fileEncoding = 4; lastKnownFileType = sourcecode.swift; path = LocalURLProtocol.swift; sourceTree = "<group>"; };
		F7B36B6B1C18975200474D0E /* NetworkControllerTests.swift */ = {isa = PBXFileReference; fileEncoding = 4; lastKnownFileType = sourcecode.swift; path = NetworkControllerTests.swift; sourceTree = "<group>"; };
		F7B36B6C1C18975200474D0E /* NSURLSessionConfiguration+Protocols.swift */ = {isa = PBXFileReference; fileEncoding = 4; lastKnownFileType = sourcecode.swift; path = "NSURLSessionConfiguration+Protocols.swift"; sourceTree = "<group>"; };
		F7B36B7A1C18A1B100474D0E /* PassTests.swift */ = {isa = PBXFileReference; fileEncoding = 4; lastKnownFileType = sourcecode.swift; path = PassTests.swift; sourceTree = "<group>"; };
		F7C4176E1C0625F0009C5DA0 /* PassListCell.swift */ = {isa = PBXFileReference; fileEncoding = 4; lastKnownFileType = sourcecode.swift; path = PassListCell.swift; sourceTree = "<group>"; };
		F7C4176F1C0625F0009C5DA0 /* PassListCell.xib */ = {isa = PBXFileReference; fileEncoding = 4; lastKnownFileType = file.xib; path = PassListCell.xib; sourceTree = "<group>"; };
		F7C417721C063E95009C5DA0 /* ListViewLayout.swift */ = {isa = PBXFileReference; fileEncoding = 4; lastKnownFileType = sourcecode.swift; path = ListViewLayout.swift; sourceTree = "<group>"; };
		F7C417741C065BE7009C5DA0 /* DetailViewController.swift */ = {isa = PBXFileReference; fileEncoding = 4; lastKnownFileType = sourcecode.swift; path = DetailViewController.swift; sourceTree = "<group>"; };
		F7C85DB31C16049200123C39 /* Reachable.swift */ = {isa = PBXFileReference; fileEncoding = 4; lastKnownFileType = sourcecode.swift; path = Reachable.swift; sourceTree = "<group>"; };
		F7E4F1011C051C3D00071A37 /* PassViewController.swift */ = {isa = PBXFileReference; fileEncoding = 4; lastKnownFileType = sourcecode.swift; path = PassViewController.swift; sourceTree = "<group>"; };
/* End PBXFileReference section */

/* Begin PBXFrameworksBuildPhase section */
		F71B3FBF1C038AD20012CD3D /* Frameworks */ = {
			isa = PBXFrameworksBuildPhase;
			buildActionMask = 2147483647;
			files = (
			);
			runOnlyForDeploymentPostprocessing = 0;
		};
		F71B3FD31C038AD20012CD3D /* Frameworks */ = {
			isa = PBXFrameworksBuildPhase;
			buildActionMask = 2147483647;
			files = (
			);
			runOnlyForDeploymentPostprocessing = 0;
		};
/* End PBXFrameworksBuildPhase section */

/* Begin PBXGroup section */
		F71B3FB91C038AD20012CD3D = {
			isa = PBXGroup;
			children = (
				F71B3FC41C038AD20012CD3D /* Passengr */,
				F71B3FD91C038AD20012CD3D /* PassengrTests */,
				F71B3FC31C038AD20012CD3D /* Products */,
			);
			sourceTree = "<group>";
		};
		F71B3FC31C038AD20012CD3D /* Products */ = {
			isa = PBXGroup;
			children = (
				F71B3FC21C038AD20012CD3D /* Passengr.app */,
				F71B3FD61C038AD20012CD3D /* PassengrTests.xctest */,
			);
			name = Products;
			sourceTree = "<group>";
		};
		F71B3FC41C038AD20012CD3D /* Passengr */ = {
			isa = PBXGroup;
			children = (
				F71B3FC51C038AD20012CD3D /* AppDelegate.swift */,
				F776E6A91C0CEBF400A4D6FE /* Model */,
				F7754D681C0B4D350080D572 /* View */,
				F7754D691C0B4D5C0080D572 /* Controller */,
				F776E6B51C0D56CB00A4D6FE /* Animations */,
				F7754D6B1C0B4DB10080D572 /* Layouts */,
				F776E6CD1C0D5A0B00A4D6FE /* XML Object Mapping */,
				F7754D6A1C0B4D820080D572 /* Types & Protocols */,
				F776E6CE1C0D5A6800A4D6FE /* Passengr-Bridging-Header.h */,
				F71B3FC91C038AD20012CD3D /* Main.storyboard */,
				F71B3FCE1C038AD20012CD3D /* LaunchScreen.storyboard */,
				F794A6921C174785008AD135 /* Assets.xcassets */,
				F71B3FD11C038AD20012CD3D /* Info.plist */,
				F72610841C5C1AA600955665 /* Settings.bundle */,
			);
			path = Passengr;
			sourceTree = "<group>";
		};
		F71B3FD91C038AD20012CD3D /* PassengrTests */ = {
			isa = PBXGroup;
			children = (
				F7B36B7A1C18A1B100474D0E /* PassTests.swift */,
				F7B36B6B1C18975200474D0E /* NetworkControllerTests.swift */,
				F7AD52851C17C26F00310402 /* HTMLParserTests.swift */,
				F75A3B5D1C18DBEC004A7E39 /* DataSourceTests.swift */,
				F75A3B581C18A703004A7E39 /* Extensions */,
				F7B36B771C189CDC00474D0E /* URL Protocols */,
				F71B3FDC1C038AD20012CD3D /* Info.plist */,
				F75A3B591C18A8F6004A7E39 /* test.html */,
			);
			path = PassengrTests;
			sourceTree = "<group>";
		};
		F75A3B581C18A703004A7E39 /* Extensions */ = {
			isa = PBXGroup;
			children = (
				F7B36B6C1C18975200474D0E /* NSURLSessionConfiguration+Protocols.swift */,
			);
			name = Extensions;
			sourceTree = "<group>";
		};
		F7754D681C0B4D350080D572 /* View */ = {
			isa = PBXGroup;
			children = (
				F79007A31C164F63008C2092 /* PassDetailCell.swift */,
				F79007A41C164F63008C2092 /* PassDetailCell.xib */,
				F7C4176E1C0625F0009C5DA0 /* PassListCell.swift */,
				F7C4176F1C0625F0009C5DA0 /* PassListCell.xib */,
				F77B23CB1C0E3E81006EFBA4 /* PassEditCell.swift */,
				F77B23CC1C0E3E81006EFBA4 /* PassEditCell.xib */,
				F794A68E1C172F96008AD135 /* AppStyle.swift */,
			);
			name = View;
			sourceTree = "<group>";
		};
		F7754D691C0B4D5C0080D572 /* Controller */ = {
			isa = PBXGroup;
			children = (
				F7E4F1011C051C3D00071A37 /* PassViewController.swift */,
				F7C417741C065BE7009C5DA0 /* DetailViewController.swift */,
				F776E6BE1C0D588D00A4D6FE /* NetworkController.swift */,
				F7754D651C0AB8E00080D572 /* EditViewController.swift */,
				F7B36B611C188A9E00474D0E /* RefreshController.swift */,
			);
			name = Controller;
			sourceTree = "<group>";
		};
		F7754D6A1C0B4D820080D572 /* Types & Protocols */ = {
			isa = PBXGroup;
			children = (
				F776E6BA1C0D587C00A4D6FE /* Future.swift */,
				F776E6BB1C0D587C00A4D6FE /* Result.swift */,
				F7754D211C0A69EF0080D572 /* SegueHandlerType.swift */,
				F78487551C162B78004667BD /* PassInfoType.swift */,
				F7C85DB31C16049200123C39 /* Reachable.swift */,
			);
			name = "Types & Protocols";
			sourceTree = "<group>";
		};
		F7754D6B1C0B4DB10080D572 /* Layouts */ = {
			isa = PBXGroup;
			children = (
				F7C417721C063E95009C5DA0 /* ListViewLayout.swift */,
				F7A53F7E1C0A19BA007716F4 /* DetailViewLayout.swift */,
			);
			name = Layouts;
			sourceTree = "<group>";
		};
		F776E6A91C0CEBF400A4D6FE /* Model */ = {
			isa = PBXGroup;
			children = (
				F776E6AE1C0CEC4000A4D6FE /* Pass.swift */,
				F7B36B631C1895A600474D0E /* Pass+Helpers.swift */,
				F776E6C01C0D58A700A4D6FE /* PassSignaler.swift */,
				F776E6B11C0CEDDC00A4D6FE /* PassDataSource.swift */,
				F7AFAE511C24E86800D543C6 /* CascadePass.swift */,
			);
			name = Model;
			sourceTree = "<group>";
		};
		F776E6B51C0D56CB00A4D6FE /* Animations */ = {
			isa = PBXGroup;
			children = (
				F776E6B61C0D56DC00A4D6FE /* HideDetailAnimator.swift */,
				F776E6B71C0D56DC00A4D6FE /* ShowDetailAnimator.swift */,
			);
			name = Animations;
			sourceTree = "<group>";
		};
		F776E6CD1C0D5A0B00A4D6FE /* XML Object Mapping */ = {
			isa = PBXGroup;
			children = (
				F776E6CB1C0D59CA00A4D6FE /* HTML.swift */,
				F776E6C21C0D58FB00A4D6FE /* Parser.swift */,
			);
			name = "XML Object Mapping";
			path = ..;
			sourceTree = "<group>";
		};
		F7B36B771C189CDC00474D0E /* URL Protocols */ = {
			isa = PBXGroup;
			children = (
				F7B36B691C18975200474D0E /* FailingURLProtocol.swift */,
				F7B36B6A1C18975200474D0E /* LocalURLProtocol.swift */,
				F7B36B651C18973800474D0E /* BadResponseURLProtocol.swift */,
				F7B36B661C18973800474D0E /* BadStatusURLProtocol.swift */,
			);
			name = "URL Protocols";
			sourceTree = "<group>";
		};
/* End PBXGroup section */

/* Begin PBXNativeTarget section */
		F71B3FC11C038AD20012CD3D /* Passengr */ = {
			isa = PBXNativeTarget;
			buildConfigurationList = F71B3FEA1C038AD20012CD3D /* Build configuration list for PBXNativeTarget "Passengr" */;
			buildPhases = (
				F71B3FBE1C038AD20012CD3D /* Sources */,
				F71B3FBF1C038AD20012CD3D /* Frameworks */,
				F71B3FC01C038AD20012CD3D /* Resources */,
			);
			buildRules = (
			);
			dependencies = (
			);
			name = Passengr;
			productName = Passengr;
			productReference = F71B3FC21C038AD20012CD3D /* Passengr.app */;
			productType = "com.apple.product-type.application";
		};
		F71B3FD51C038AD20012CD3D /* PassengrTests */ = {
			isa = PBXNativeTarget;
			buildConfigurationList = F71B3FED1C038AD20012CD3D /* Build configuration list for PBXNativeTarget "PassengrTests" */;
			buildPhases = (
				F71B3FD21C038AD20012CD3D /* Sources */,
				F71B3FD31C038AD20012CD3D /* Frameworks */,
				F71B3FD41C038AD20012CD3D /* Resources */,
			);
			buildRules = (
			);
			dependencies = (
				F71B3FD81C038AD20012CD3D /* PBXTargetDependency */,
			);
			name = PassengrTests;
			productName = PassengrTests;
			productReference = F71B3FD61C038AD20012CD3D /* PassengrTests.xctest */;
			productType = "com.apple.product-type.bundle.unit-test";
		};
/* End PBXNativeTarget section */

/* Begin PBXProject section */
		F71B3FBA1C038AD20012CD3D /* Project object */ = {
			isa = PBXProject;
			attributes = {
				LastSwiftUpdateCheck = 0720;
				LastUpgradeCheck = 0900;
				ORGANIZATIONNAME = "Andrew Shepard";
				TargetAttributes = {
					F71B3FC11C038AD20012CD3D = {
						CreatedOnToolsVersion = 7.2;
						LastSwiftMigration = 0800;
						ProvisioningStyle = Manual;
					};
					F71B3FD51C038AD20012CD3D = {
						CreatedOnToolsVersion = 7.2;
						LastSwiftMigration = 0800;
						ProvisioningStyle = Manual;
						TestTargetID = F71B3FC11C038AD20012CD3D;
					};
				};
			};
			buildConfigurationList = F71B3FBD1C038AD20012CD3D /* Build configuration list for PBXProject "Passengr" */;
			compatibilityVersion = "Xcode 8.0";
			developmentRegion = English;
			hasScannedForEncodings = 0;
			knownRegions = (
				en,
				Base,
			);
			mainGroup = F71B3FB91C038AD20012CD3D;
			productRefGroup = F71B3FC31C038AD20012CD3D /* Products */;
			projectDirPath = "";
			projectRoot = "";
			targets = (
				F71B3FC11C038AD20012CD3D /* Passengr */,
				F71B3FD51C038AD20012CD3D /* PassengrTests */,
			);
		};
/* End PBXProject section */

/* Begin PBXResourcesBuildPhase section */
		F71B3FC01C038AD20012CD3D /* Resources */ = {
			isa = PBXResourcesBuildPhase;
			buildActionMask = 2147483647;
			files = (
				F7C417711C0625F0009C5DA0 /* PassListCell.xib in Resources */,
				F77B23CE1C0E3E81006EFBA4 /* PassEditCell.xib in Resources */,
				F71B3FD01C038AD20012CD3D /* LaunchScreen.storyboard in Resources */,
				F79007A61C164F63008C2092 /* PassDetailCell.xib in Resources */,
				F794A6931C174785008AD135 /* Assets.xcassets in Resources */,
				F71B3FCB1C038AD20012CD3D /* Main.storyboard in Resources */,
				F72610851C5C1AA600955665 /* Settings.bundle in Resources */,
			);
			runOnlyForDeploymentPostprocessing = 0;
		};
		F71B3FD41C038AD20012CD3D /* Resources */ = {
			isa = PBXResourcesBuildPhase;
			buildActionMask = 2147483647;
			files = (
				F75A3B5A1C18A8F6004A7E39 /* test.html in Resources */,
			);
			runOnlyForDeploymentPostprocessing = 0;
		};
/* End PBXResourcesBuildPhase section */

/* Begin PBXSourcesBuildPhase section */
		F71B3FBE1C038AD20012CD3D /* Sources */ = {
			isa = PBXSourcesBuildPhase;
			buildActionMask = 2147483647;
			files = (
				F794A68F1C172F96008AD135 /* AppStyle.swift in Sources */,
				F7AFAE521C24E86800D543C6 /* CascadePass.swift in Sources */,
				F79007A51C164F63008C2092 /* PassDetailCell.swift in Sources */,
				F77B23CD1C0E3E81006EFBA4 /* PassEditCell.swift in Sources */,
				F776E6CC1C0D59CA00A4D6FE /* HTML.swift in Sources */,
				F7754D661C0AB8E00080D572 /* EditViewController.swift in Sources */,
				F776E6BC1C0D587C00A4D6FE /* Future.swift in Sources */,
				F7C417731C063E95009C5DA0 /* ListViewLayout.swift in Sources */,
				F776E6B01C0CEC4000A4D6FE /* Pass.swift in Sources */,
				F7A53F7F1C0A19BA007716F4 /* DetailViewLayout.swift in Sources */,
				F7B36B641C1895A600474D0E /* Pass+Helpers.swift in Sources */,
				F7754D221C0A69EF0080D572 /* SegueHandlerType.swift in Sources */,
				F7C85DB41C16049200123C39 /* Reachable.swift in Sources */,
				F776E6BF1C0D588D00A4D6FE /* NetworkController.swift in Sources */,
				F7C417701C0625F0009C5DA0 /* PassListCell.swift in Sources */,
				F7C417751C065BE7009C5DA0 /* DetailViewController.swift in Sources */,
				F776E6B81C0D56DC00A4D6FE /* HideDetailAnimator.swift in Sources */,
				F776E6C31C0D58FB00A4D6FE /* Parser.swift in Sources */,
				F78487561C162B78004667BD /* PassInfoType.swift in Sources */,
				F7B36B621C188A9E00474D0E /* RefreshController.swift in Sources */,
				F776E6B21C0CEDDC00A4D6FE /* PassDataSource.swift in Sources */,
				F7E4F1021C051C3D00071A37 /* PassViewController.swift in Sources */,
				F776E6BD1C0D587C00A4D6FE /* Result.swift in Sources */,
				F71B3FC61C038AD20012CD3D /* AppDelegate.swift in Sources */,
				F776E6B91C0D56DC00A4D6FE /* ShowDetailAnimator.swift in Sources */,
				F776E6C11C0D58A700A4D6FE /* PassSignaler.swift in Sources */,
			);
			runOnlyForDeploymentPostprocessing = 0;
		};
		F71B3FD21C038AD20012CD3D /* Sources */ = {
			isa = PBXSourcesBuildPhase;
			buildActionMask = 2147483647;
			files = (
				F7B36B7B1C18A1B100474D0E /* PassTests.swift in Sources */,
				F7AD52861C17C26F00310402 /* HTMLParserTests.swift in Sources */,
				F7B36B6E1C18975200474D0E /* LocalURLProtocol.swift in Sources */,
				F7B36B681C18973800474D0E /* BadStatusURLProtocol.swift in Sources */,
				F7B36B6D1C18975200474D0E /* FailingURLProtocol.swift in Sources */,
				F7B36B6F1C18975200474D0E /* NetworkControllerTests.swift in Sources */,
				F7B36B701C18975200474D0E /* NSURLSessionConfiguration+Protocols.swift in Sources */,
				F70A28331C613E7D008CA530 /* DataSourceTests.swift in Sources */,
				F7B36B671C18973800474D0E /* BadResponseURLProtocol.swift in Sources */,
			);
			runOnlyForDeploymentPostprocessing = 0;
		};
/* End PBXSourcesBuildPhase section */

/* Begin PBXTargetDependency section */
		F71B3FD81C038AD20012CD3D /* PBXTargetDependency */ = {
			isa = PBXTargetDependency;
			target = F71B3FC11C038AD20012CD3D /* Passengr */;
			targetProxy = F71B3FD71C038AD20012CD3D /* PBXContainerItemProxy */;
		};
/* End PBXTargetDependency section */

/* Begin PBXVariantGroup section */
		F71B3FC91C038AD20012CD3D /* Main.storyboard */ = {
			isa = PBXVariantGroup;
			children = (
				F71B3FCA1C038AD20012CD3D /* Base */,
			);
			name = Main.storyboard;
			sourceTree = "<group>";
		};
		F71B3FCE1C038AD20012CD3D /* LaunchScreen.storyboard */ = {
			isa = PBXVariantGroup;
			children = (
				F71B3FCF1C038AD20012CD3D /* Base */,
			);
			name = LaunchScreen.storyboard;
			sourceTree = "<group>";
		};
/* End PBXVariantGroup section */

/* Begin XCBuildConfiguration section */
		F71B3FE81C038AD20012CD3D /* Debug */ = {
			isa = XCBuildConfiguration;
			buildSettings = {
				ALWAYS_SEARCH_USER_PATHS = NO;
				CLANG_CXX_LANGUAGE_STANDARD = "gnu++0x";
				CLANG_CXX_LIBRARY = "libc++";
				CLANG_ENABLE_MODULES = YES;
				CLANG_ENABLE_OBJC_ARC = YES;
				CLANG_WARN_BLOCK_CAPTURE_AUTORELEASING = YES;
				CLANG_WARN_BOOL_CONVERSION = YES;
				CLANG_WARN_COMMA = YES;
				CLANG_WARN_CONSTANT_CONVERSION = YES;
				CLANG_WARN_DIRECT_OBJC_ISA_USAGE = YES_ERROR;
				CLANG_WARN_EMPTY_BODY = YES;
				CLANG_WARN_ENUM_CONVERSION = YES;
				CLANG_WARN_INFINITE_RECURSION = YES;
				CLANG_WARN_INT_CONVERSION = YES;
				CLANG_WARN_NON_LITERAL_NULL_CONVERSION = YES;
				CLANG_WARN_OBJC_LITERAL_CONVERSION = YES;
				CLANG_WARN_OBJC_ROOT_CLASS = YES_ERROR;
				CLANG_WARN_RANGE_LOOP_ANALYSIS = YES;
				CLANG_WARN_STRICT_PROTOTYPES = YES;
				CLANG_WARN_SUSPICIOUS_MOVE = YES;
				CLANG_WARN_UNREACHABLE_CODE = YES;
				CLANG_WARN__DUPLICATE_METHOD_MATCH = YES;
				"CODE_SIGN_IDENTITY[sdk=iphoneos*]" = "iPhone Developer";
				COPY_PHASE_STRIP = NO;
				DEBUG_INFORMATION_FORMAT = dwarf;
				ENABLE_STRICT_OBJC_MSGSEND = YES;
				ENABLE_TESTABILITY = YES;
				GCC_C_LANGUAGE_STANDARD = gnu99;
				GCC_DYNAMIC_NO_PIC = NO;
				GCC_NO_COMMON_BLOCKS = YES;
				GCC_OPTIMIZATION_LEVEL = 0;
				GCC_PREPROCESSOR_DEFINITIONS = (
					"DEBUG=1",
					"$(inherited)",
				);
				GCC_WARN_64_TO_32_BIT_CONVERSION = YES;
				GCC_WARN_ABOUT_RETURN_TYPE = YES_ERROR;
				GCC_WARN_UNDECLARED_SELECTOR = YES;
				GCC_WARN_UNINITIALIZED_AUTOS = YES_AGGRESSIVE;
				GCC_WARN_UNUSED_FUNCTION = YES;
				GCC_WARN_UNUSED_VARIABLE = YES;
				HEADER_SEARCH_PATHS = "$(SDKROOT)/usr/include/libxml2";
				IPHONEOS_DEPLOYMENT_TARGET = 10.3;
				MTL_ENABLE_DEBUG_INFO = YES;
				ONLY_ACTIVE_ARCH = YES;
				OTHER_LDFLAGS = "-lxml2";
				SDKROOT = iphoneos;
				SWIFT_OPTIMIZATION_LEVEL = "-Onone";
				SWIFT_VERSION = 4.0;
			};
			name = Debug;
		};
		F71B3FE91C038AD20012CD3D /* Release */ = {
			isa = XCBuildConfiguration;
			buildSettings = {
				ALWAYS_SEARCH_USER_PATHS = NO;
				CLANG_CXX_LANGUAGE_STANDARD = "gnu++0x";
				CLANG_CXX_LIBRARY = "libc++";
				CLANG_ENABLE_MODULES = YES;
				CLANG_ENABLE_OBJC_ARC = YES;
				CLANG_WARN_BLOCK_CAPTURE_AUTORELEASING = YES;
				CLANG_WARN_BOOL_CONVERSION = YES;
				CLANG_WARN_COMMA = YES;
				CLANG_WARN_CONSTANT_CONVERSION = YES;
				CLANG_WARN_DIRECT_OBJC_ISA_USAGE = YES_ERROR;
				CLANG_WARN_EMPTY_BODY = YES;
				CLANG_WARN_ENUM_CONVERSION = YES;
				CLANG_WARN_INFINITE_RECURSION = YES;
				CLANG_WARN_INT_CONVERSION = YES;
				CLANG_WARN_NON_LITERAL_NULL_CONVERSION = YES;
				CLANG_WARN_OBJC_LITERAL_CONVERSION = YES;
				CLANG_WARN_OBJC_ROOT_CLASS = YES_ERROR;
				CLANG_WARN_RANGE_LOOP_ANALYSIS = YES;
				CLANG_WARN_STRICT_PROTOTYPES = YES;
				CLANG_WARN_SUSPICIOUS_MOVE = YES;
				CLANG_WARN_UNREACHABLE_CODE = YES;
				CLANG_WARN__DUPLICATE_METHOD_MATCH = YES;
				"CODE_SIGN_IDENTITY[sdk=iphoneos*]" = "iPhone Developer";
				COPY_PHASE_STRIP = NO;
				DEBUG_INFORMATION_FORMAT = "dwarf-with-dsym";
				ENABLE_NS_ASSERTIONS = NO;
				ENABLE_STRICT_OBJC_MSGSEND = YES;
				GCC_C_LANGUAGE_STANDARD = gnu99;
				GCC_NO_COMMON_BLOCKS = YES;
				GCC_WARN_64_TO_32_BIT_CONVERSION = YES;
				GCC_WARN_ABOUT_RETURN_TYPE = YES_ERROR;
				GCC_WARN_UNDECLARED_SELECTOR = YES;
				GCC_WARN_UNINITIALIZED_AUTOS = YES_AGGRESSIVE;
				GCC_WARN_UNUSED_FUNCTION = YES;
				GCC_WARN_UNUSED_VARIABLE = YES;
				HEADER_SEARCH_PATHS = "$(SDKROOT)/usr/include/libxml2";
				IPHONEOS_DEPLOYMENT_TARGET = 10.3;
				MTL_ENABLE_DEBUG_INFO = NO;
				OTHER_LDFLAGS = "-lxml2";
				SDKROOT = iphoneos;
				SWIFT_VERSION = 4.0;
				VALIDATE_PRODUCT = YES;
			};
			name = Release;
		};
		F71B3FEB1C038AD20012CD3D /* Debug */ = {
			isa = XCBuildConfiguration;
			buildSettings = {
				ASSETCATALOG_COMPILER_APPICON_NAME = AppIcon;
				CLANG_ENABLE_MODULES = YES;
				CODE_SIGN_IDENTITY = "iPhone Developer";
				"CODE_SIGN_IDENTITY[sdk=iphoneos*]" = "iPhone Developer";
				CODE_SIGN_STYLE = Manual;
				DEVELOPMENT_TEAM = "";
				INFOPLIST_FILE = Passengr/Info.plist;
				IPHONEOS_DEPLOYMENT_TARGET = 10.3;
				LD_RUNPATH_SEARCH_PATHS = "$(inherited) @executable_path/Frameworks";
				PRODUCT_BUNDLE_IDENTIFIER = org.cocoascientist.Passengr;
				PRODUCT_NAME = "$(TARGET_NAME)";
				PROVISIONING_PROFILE = "";
				PROVISIONING_PROFILE_SPECIFIER = "";
				SWIFT_OBJC_BRIDGING_HEADER = "Passengr/Passengr-Bridging-Header.h";
				SWIFT_OPTIMIZATION_LEVEL = "-Onone";
				SWIFT_VERSION = 4.0;
			};
			name = Debug;
		};
		F71B3FEC1C038AD20012CD3D /* Release */ = {
			isa = XCBuildConfiguration;
			buildSettings = {
				ASSETCATALOG_COMPILER_APPICON_NAME = AppIcon;
				CLANG_ENABLE_MODULES = YES;
				CODE_SIGN_IDENTITY = "iPhone Developer";
				"CODE_SIGN_IDENTITY[sdk=iphoneos*]" = "iPhone Developer";
				CODE_SIGN_STYLE = Manual;
				DEVELOPMENT_TEAM = "";
				INFOPLIST_FILE = Passengr/Info.plist;
				IPHONEOS_DEPLOYMENT_TARGET = 10.3;
				LD_RUNPATH_SEARCH_PATHS = "$(inherited) @executable_path/Frameworks";
				PRODUCT_BUNDLE_IDENTIFIER = org.cocoascientist.Passengr;
				PRODUCT_NAME = "$(TARGET_NAME)";
				PROVISIONING_PROFILE = "";
				PROVISIONING_PROFILE_SPECIFIER = "";
				SWIFT_OBJC_BRIDGING_HEADER = "Passengr/Passengr-Bridging-Header.h";
				SWIFT_OPTIMIZATION_LEVEL = "-Owholemodule";
				SWIFT_VERSION = 4.0;
			};
			name = Release;
		};
		F71B3FEE1C038AD20012CD3D /* Debug */ = {
			isa = XCBuildConfiguration;
			buildSettings = {
				BUNDLE_LOADER = "$(TEST_HOST)";
				CODE_SIGN_STYLE = Manual;
				DEVELOPMENT_TEAM = "";
				INFOPLIST_FILE = PassengrTests/Info.plist;
				LD_RUNPATH_SEARCH_PATHS = "$(inherited) @executable_path/Frameworks @loader_path/Frameworks";
				PRODUCT_BUNDLE_IDENTIFIER = org.andyshep.PassengrTests;
				PRODUCT_NAME = "$(TARGET_NAME)";
				PROVISIONING_PROFILE_SPECIFIER = "";
				SWIFT_OBJC_BRIDGING_HEADER = "Passengr/Passengr-Bridging-Header.h";
				SWIFT_VERSION = 4.0;
				TEST_HOST = "$(BUILT_PRODUCTS_DIR)/Passengr.app/Passengr";
			};
			name = Debug;
		};
		F71B3FEF1C038AD20012CD3D /* Release */ = {
			isa = XCBuildConfiguration;
			buildSettings = {
				BUNDLE_LOADER = "$(TEST_HOST)";
				CODE_SIGN_STYLE = Manual;
				DEVELOPMENT_TEAM = "";
				INFOPLIST_FILE = PassengrTests/Info.plist;
				LD_RUNPATH_SEARCH_PATHS = "$(inherited) @executable_path/Frameworks @loader_path/Frameworks";
				PRODUCT_BUNDLE_IDENTIFIER = org.andyshep.PassengrTests;
				PRODUCT_NAME = "$(TARGET_NAME)";
				PROVISIONING_PROFILE_SPECIFIER = "";
				SWIFT_OBJC_BRIDGING_HEADER = "Passengr/Passengr-Bridging-Header.h";
				SWIFT_OPTIMIZATION_LEVEL = "-Owholemodule";
				SWIFT_VERSION = 4.0;
				TEST_HOST = "$(BUILT_PRODUCTS_DIR)/Passengr.app/Passengr";
			};
			name = Release;
		};
/* End XCBuildConfiguration section */

/* Begin XCConfigurationList section */
		F71B3FBD1C038AD20012CD3D /* Build configuration list for PBXProject "Passengr" */ = {
			isa = XCConfigurationList;
			buildConfigurations = (
				F71B3FE81C038AD20012CD3D /* Debug */,
				F71B3FE91C038AD20012CD3D /* Release */,
			);
			defaultConfigurationIsVisible = 0;
			defaultConfigurationName = Release;
		};
		F71B3FEA1C038AD20012CD3D /* Build configuration list for PBXNativeTarget "Passengr" */ = {
			isa = XCConfigurationList;
			buildConfigurations = (
				F71B3FEB1C038AD20012CD3D /* Debug */,
				F71B3FEC1C038AD20012CD3D /* Release */,
			);
			defaultConfigurationIsVisible = 0;
			defaultConfigurationName = Release;
		};
		F71B3FED1C038AD20012CD3D /* Build configuration list for PBXNativeTarget "PassengrTests" */ = {
			isa = XCConfigurationList;
			buildConfigurations = (
				F71B3FEE1C038AD20012CD3D /* Debug */,
				F71B3FEF1C038AD20012CD3D /* Release */,
			);
			defaultConfigurationIsVisible = 0;
			defaultConfigurationName = Release;
		};
/* End XCConfigurationList section */
	};
	rootObject = F71B3FBA1C038AD20012CD3D /* Project object */;
}
